
Microsoft Visual Studio Solution File, Format Version 12.00
# Visual Studio Version 17
VisualStudioVersion = 17.1.32319.34
MinimumVisualStudioVersion = 10.0.40219.1
Project("{FAE04EC0-301F-11D3-BF4B-00C04F79EFBC}") = "zer-oyunu", "zer-oyunu\zer-oyunu.csproj", "{F7DADD24-D7DB-435B-A7C7-B05C0E1B0D77}"
EndProject
Global
	GlobalSection(SolutionConfigurationPlatforms) = preSolution
		Debug|Any CPU = Debug|Any CPU
		Release|Any CPU = Release|Any CPU
	EndGlobalSection
	GlobalSection(ProjectConfigurationPlatforms) = postSolution
		{F7DADD24-D7DB-435B-A7C7-B05C0E1B0D77}.Debug|Any CPU.ActiveCfg = Debug|Any CPU
		{F7DADD24-D7DB-435B-A7C7-B05C0E1B0D77}.Debug|Any CPU.Build.0 = Debug|Any CPU
		{F7DADD24-D7DB-435B-A7C7-B05C0E1B0D77}.Release|Any CPU.ActiveCfg = Release|Any CPU
		{F7DADD24-D7DB-435B-A7C7-B05C0E1B0D77}.Release|Any CPU.Build.0 = Release|Any CPU
	EndGlobalSection
	GlobalSection(SolutionProperties) = preSolution
		HideSolutionNode = FALSE
	EndGlobalSection
	GlobalSection(ExtensibilityGlobals) = postSolution
		SolutionGuid = {BB0AE202-8F13-45B1-B282-2AECDE808CF5}
	EndGlobalSection
EndGlobal
